
Microsoft Visual Studio Solution File, Format Version 12.00
# Visual Studio Version 16
VisualStudioVersion = 16.0.30907.101
MinimumVisualStudioVersion = 10.0.40219.1
Project("{9A19103F-16F7-4668-BE54-9A1E7A4F7556}") = "Entities", "Entities\Entities.csproj", "{96ED9315-94FB-4E7B-86A1-953C45C86AF9}"
EndProject
Project("{9A19103F-16F7-4668-BE54-9A1E7A4F7556}") = "DataAccess", "DataAccess\DataAccess.csproj", "{BA7271CE-EE02-40EC-8796-8CF7EBE79A5D}"
EndProject
Project("{9A19103F-16F7-4668-BE54-9A1E7A4F7556}") = "Business", "Business\Business.csproj", "{50510C73-BFBE-4CF9-83B9-6C21FC563786}"
EndProject
Project("{FAE04EC0-301F-11D3-BF4B-00C04F79EFBC}") = "ConsoleUI", "ConsoleUI\ConsoleUI.csproj", "{C84B509E-A6ED-49DB-B86B-732D034D0386}"
EndProject
Global
	GlobalSection(SolutionConfigurationPlatforms) = preSolution
		Debug|Any CPU = Debug|Any CPU
		Release|Any CPU = Release|Any CPU
	EndGlobalSection
	GlobalSection(ProjectConfigurationPlatforms) = postSolution
		{96ED9315-94FB-4E7B-86A1-953C45C86AF9}.Debug|Any CPU.ActiveCfg = Debug|Any CPU
		{96ED9315-94FB-4E7B-86A1-953C45C86AF9}.Debug|Any CPU.Build.0 = Debug|Any CPU
		{96ED9315-94FB-4E7B-86A1-953C45C86AF9}.Release|Any CPU.ActiveCfg = Release|Any CPU
		{96ED9315-94FB-4E7B-86A1-953C45C86AF9}.Release|Any CPU.Build.0 = Release|Any CPU
		{BA7271CE-EE02-40EC-8796-8CF7EBE79A5D}.Debug|Any CPU.ActiveCfg = Debug|Any CPU
		{BA7271CE-EE02-40EC-8796-8CF7EBE79A5D}.Debug|Any CPU.Build.0 = Debug|Any CPU
		{BA7271CE-EE02-40EC-8796-8CF7EBE79A5D}.Release|Any CPU.ActiveCfg = Release|Any CPU
		{BA7271CE-EE02-40EC-8796-8CF7EBE79A5D}.Release|Any CPU.Build.0 = Release|Any CPU
		{50510C73-BFBE-4CF9-83B9-6C21FC563786}.Debug|Any CPU.ActiveCfg = Debug|Any CPU
		{50510C73-BFBE-4CF9-83B9-6C21FC563786}.Debug|Any CPU.Build.0 = Debug|Any CPU
		{50510C73-BFBE-4CF9-83B9-6C21FC563786}.Release|Any CPU.ActiveCfg = Release|Any CPU
		{50510C73-BFBE-4CF9-83B9-6C21FC563786}.Release|Any CPU.Build.0 = Release|Any CPU
		{C84B509E-A6ED-49DB-B86B-732D034D0386}.Debug|Any CPU.ActiveCfg = Debug|Any CPU
		{C84B509E-A6ED-49DB-B86B-732D034D0386}.Debug|Any CPU.Build.0 = Debug|Any CPU
		{C84B509E-A6ED-49DB-B86B-732D034D0386}.Release|Any CPU.ActiveCfg = Release|Any CPU
		{C84B509E-A6ED-49DB-B86B-732D034D0386}.Release|Any CPU.Build.0 = Release|Any CPU
	EndGlobalSection
	GlobalSection(SolutionProperties) = preSolution
		HideSolutionNode = FALSE
	EndGlobalSection
	GlobalSection(ExtensibilityGlobals) = postSolution
		SolutionGuid = {0C9E7276-4D7A-485B-B323-52B71DA8A8E6}
	EndGlobalSection
EndGlobal
